
Microsoft Visual Studio Solution File, Format Version 12.00
# Visual Studio Version 16
VisualStudioVersion = 16.0.29418.71
MinimumVisualStudioVersion = 10.0.40219.1
Project("{FAE04EC0-301F-11D3-BF4B-00C04F79EFBC}") = "BTM_TrainControlCs", "BTM_TrainControlCs.csproj", "{7767D784-6491-42E6-8470-5271A2500741}"
EndProject
Global
	GlobalSection(SolutionConfigurationPlatforms) = preSolution
		Debug|Any CPU = Debug|Any CPU
		Release|Any CPU = Release|Any CPU
	EndGlobalSection
	GlobalSection(ProjectConfigurationPlatforms) = postSolution
		{7767D784-6491-42E6-8470-5271A2500741}.Debug|Any CPU.ActiveCfg = Debug|Any CPU
		{7767D784-6491-42E6-8470-5271A2500741}.Debug|Any CPU.Build.0 = Debug|Any CPU
		{7767D784-6491-42E6-8470-5271A2500741}.Release|Any CPU.ActiveCfg = Release|Any CPU
		{7767D784-6491-42E6-8470-5271A2500741}.Release|Any CPU.Build.0 = Release|Any CPU
	EndGlobalSection
	GlobalSection(SolutionProperties) = preSolution
		HideSolutionNode = FALSE
	EndGlobalSection
	GlobalSection(ExtensibilityGlobals) = postSolution
		SolutionGuid = {2DB65A0F-B567-4F4F-A511-049112D47C4E}
	EndGlobalSection
EndGlobal
